
Microsoft Visual Studio Solution File, Format Version 12.00
# Visual Studio Version 16
VisualStudioVersion = 16.0.30717.126
MinimumVisualStudioVersion = 10.0.40219.1
Project("{FAE04EC0-301F-11D3-BF4B-00C04F79EFBC}") = "workshop3.2.2", "workshop3.2.2.csproj", "{FE93F4A9-5C3B-4911-8263-66EC28A4AE14}"
EndProject
Global
	GlobalSection(SolutionConfigurationPlatforms) = preSolution
		Debug|Any CPU = Debug|Any CPU
		Release|Any CPU = Release|Any CPU
	EndGlobalSection
	GlobalSection(ProjectConfigurationPlatforms) = postSolution
		{FE93F4A9-5C3B-4911-8263-66EC28A4AE14}.Debug|Any CPU.ActiveCfg = Debug|Any CPU
		{FE93F4A9-5C3B-4911-8263-66EC28A4AE14}.Debug|Any CPU.Build.0 = Debug|Any CPU
		{FE93F4A9-5C3B-4911-8263-66EC28A4AE14}.Release|Any CPU.ActiveCfg = Release|Any CPU
		{FE93F4A9-5C3B-4911-8263-66EC28A4AE14}.Release|Any CPU.Build.0 = Release|Any CPU
	EndGlobalSection
	GlobalSection(SolutionProperties) = preSolution
		HideSolutionNode = FALSE
	EndGlobalSection
	GlobalSection(ExtensibilityGlobals) = postSolution
		SolutionGuid = {C5953841-A5AA-47DB-9BE3-67F4C5E09220}
	EndGlobalSection
EndGlobal
